
Microsoft Visual Studio Solution File, Format Version 12.00
Project("{FAE04EC0-301F-11D3-BF4B-00C04F79EFBC}") = "InterfaceLib", "InterfaceLib\InterfaceLib.csproj", "{DCA1E635-BE37-41F1-B3CD-B589205F375B}"
EndProject
Project("{FAE04EC0-301F-11D3-BF4B-00C04F79EFBC}") = "ImplementationLib", "ImplementationLib\ImplementationLib.csproj", "{C4652190-7220-47D5-B943-73B96FCB177A}"
EndProject
Project("{FAE04EC0-301F-11D3-BF4B-00C04F79EFBC}") = "CalculatorLoader", "CalculatorLoader\CalculatorLoader.csproj", "{43BFDD56-CCA8-4A87-9702-742DAB82CEC0}"
EndProject
Project("{FAE04EC0-301F-11D3-BF4B-00C04F79EFBC}") = "AppDomainsTests", "AppDomainsTests\AppDomainsTests.csproj", "{2735F749-2F18-4712-A20A-FC69021F214B}"
EndProject
Global
	GlobalSection(SolutionConfigurationPlatforms) = preSolution
		Debug|Any CPU = Debug|Any CPU
		Release|Any CPU = Release|Any CPU
	EndGlobalSection
	GlobalSection(ProjectConfigurationPlatforms) = postSolution
		{DCA1E635-BE37-41F1-B3CD-B589205F375B}.Debug|Any CPU.ActiveCfg = Debug|Any CPU
		{DCA1E635-BE37-41F1-B3CD-B589205F375B}.Debug|Any CPU.Build.0 = Debug|Any CPU
		{DCA1E635-BE37-41F1-B3CD-B589205F375B}.Release|Any CPU.ActiveCfg = Release|Any CPU
		{DCA1E635-BE37-41F1-B3CD-B589205F375B}.Release|Any CPU.Build.0 = Release|Any CPU
		{C4652190-7220-47D5-B943-73B96FCB177A}.Debug|Any CPU.ActiveCfg = Debug|Any CPU
		{C4652190-7220-47D5-B943-73B96FCB177A}.Debug|Any CPU.Build.0 = Debug|Any CPU
		{C4652190-7220-47D5-B943-73B96FCB177A}.Release|Any CPU.ActiveCfg = Release|Any CPU
		{C4652190-7220-47D5-B943-73B96FCB177A}.Release|Any CPU.Build.0 = Release|Any CPU
		{43BFDD56-CCA8-4A87-9702-742DAB82CEC0}.Debug|Any CPU.ActiveCfg = Debug|Any CPU
		{43BFDD56-CCA8-4A87-9702-742DAB82CEC0}.Debug|Any CPU.Build.0 = Debug|Any CPU
		{43BFDD56-CCA8-4A87-9702-742DAB82CEC0}.Release|Any CPU.ActiveCfg = Release|Any CPU
		{43BFDD56-CCA8-4A87-9702-742DAB82CEC0}.Release|Any CPU.Build.0 = Release|Any CPU
		{2735F749-2F18-4712-A20A-FC69021F214B}.Debug|Any CPU.ActiveCfg = Debug|Any CPU
		{2735F749-2F18-4712-A20A-FC69021F214B}.Debug|Any CPU.Build.0 = Debug|Any CPU
		{2735F749-2F18-4712-A20A-FC69021F214B}.Release|Any CPU.ActiveCfg = Release|Any CPU
		{2735F749-2F18-4712-A20A-FC69021F214B}.Release|Any CPU.Build.0 = Release|Any CPU
	EndGlobalSection
EndGlobal
