
Microsoft Visual Studio Solution File, Format Version 12.00
# Visual Studio Version 16
VisualStudioVersion = 16.0.30717.126
MinimumVisualStudioVersion = 10.0.40219.1
Project("{FAE04EC0-301F-11D3-BF4B-00C04F79EFBC}") = "ExpTrees", "ExpTrees\ExpTrees.csproj", "{35807658-EA52-493A-B150-45D5C2531507}"
EndProject
Project("{FAE04EC0-301F-11D3-BF4B-00C04F79EFBC}") = "Tests", "Tests\Tests.csproj", "{789D4E77-96D7-4821-8F69-97BE52A6D6BB}"
EndProject
Global
	GlobalSection(SolutionConfigurationPlatforms) = preSolution
		Debug|Any CPU = Debug|Any CPU
		Release|Any CPU = Release|Any CPU
	EndGlobalSection
	GlobalSection(ProjectConfigurationPlatforms) = postSolution
		{35807658-EA52-493A-B150-45D5C2531507}.Debug|Any CPU.ActiveCfg = Debug|Any CPU
		{35807658-EA52-493A-B150-45D5C2531507}.Debug|Any CPU.Build.0 = Debug|Any CPU
		{35807658-EA52-493A-B150-45D5C2531507}.Release|Any CPU.ActiveCfg = Release|Any CPU
		{35807658-EA52-493A-B150-45D5C2531507}.Release|Any CPU.Build.0 = Release|Any CPU
		{789D4E77-96D7-4821-8F69-97BE52A6D6BB}.Debug|Any CPU.ActiveCfg = Debug|Any CPU
		{789D4E77-96D7-4821-8F69-97BE52A6D6BB}.Debug|Any CPU.Build.0 = Debug|Any CPU
		{789D4E77-96D7-4821-8F69-97BE52A6D6BB}.Release|Any CPU.ActiveCfg = Release|Any CPU
		{789D4E77-96D7-4821-8F69-97BE52A6D6BB}.Release|Any CPU.Build.0 = Release|Any CPU
	EndGlobalSection
	GlobalSection(SolutionProperties) = preSolution
		HideSolutionNode = FALSE
	EndGlobalSection
	GlobalSection(ExtensibilityGlobals) = postSolution
		SolutionGuid = {0F11240B-83E0-41F7-BF12-E1C65E853BC6}
	EndGlobalSection
EndGlobal
