
Microsoft Visual Studio Solution File, Format Version 12.00
# Visual Studio Version 16
VisualStudioVersion = 16.0.30717.126
MinimumVisualStudioVersion = 10.0.40219.1
Project("{FAE04EC0-301F-11D3-BF4B-00C04F79EFBC}") = "CollectionsNullConditional", "CollectionsNullConditional\CollectionsNullConditional.csproj", "{3ECD49EF-0F76-432A-9151-DAA7850B7E45}"
EndProject
Global
	GlobalSection(SolutionConfigurationPlatforms) = preSolution
		Debug|Any CPU = Debug|Any CPU
		Release|Any CPU = Release|Any CPU
	EndGlobalSection
	GlobalSection(ProjectConfigurationPlatforms) = postSolution
		{3ECD49EF-0F76-432A-9151-DAA7850B7E45}.Debug|Any CPU.ActiveCfg = Debug|Any CPU
		{3ECD49EF-0F76-432A-9151-DAA7850B7E45}.Debug|Any CPU.Build.0 = Debug|Any CPU
		{3ECD49EF-0F76-432A-9151-DAA7850B7E45}.Release|Any CPU.ActiveCfg = Release|Any CPU
		{3ECD49EF-0F76-432A-9151-DAA7850B7E45}.Release|Any CPU.Build.0 = Release|Any CPU
	EndGlobalSection
	GlobalSection(SolutionProperties) = preSolution
		HideSolutionNode = FALSE
	EndGlobalSection
	GlobalSection(ExtensibilityGlobals) = postSolution
		SolutionGuid = {C2906428-92A0-46AF-8F31-7D1FE76677F2}
	EndGlobalSection
EndGlobal
