
Microsoft Visual Studio Solution File, Format Version 12.00
# Visual Studio Version 16
VisualStudioVersion = 16.0.30717.126
MinimumVisualStudioVersion = 10.0.40219.1
Project("{9A19103F-16F7-4668-BE54-9A1E7A4F7556}") = "ThreadPool", "src\ThreadPool.csproj", "{3DA99F4A-D52B-4426-B6B0-81399B3C53AE}"
EndProject
Project("{9A19103F-16F7-4668-BE54-9A1E7A4F7556}") = "Testing", "test\Testing.csproj", "{E2725253-BA5A-49D5-AF19-F4064144681D}"
EndProject
Global
	GlobalSection(SolutionConfigurationPlatforms) = preSolution
		Debug|Any CPU = Debug|Any CPU
		Release|Any CPU = Release|Any CPU
	EndGlobalSection
	GlobalSection(ProjectConfigurationPlatforms) = postSolution
		{3DA99F4A-D52B-4426-B6B0-81399B3C53AE}.Debug|Any CPU.ActiveCfg = Debug|Any CPU
		{3DA99F4A-D52B-4426-B6B0-81399B3C53AE}.Debug|Any CPU.Build.0 = Debug|Any CPU
		{3DA99F4A-D52B-4426-B6B0-81399B3C53AE}.Release|Any CPU.ActiveCfg = Release|Any CPU
		{3DA99F4A-D52B-4426-B6B0-81399B3C53AE}.Release|Any CPU.Build.0 = Release|Any CPU
		{E2725253-BA5A-49D5-AF19-F4064144681D}.Debug|Any CPU.ActiveCfg = Debug|Any CPU
		{E2725253-BA5A-49D5-AF19-F4064144681D}.Debug|Any CPU.Build.0 = Debug|Any CPU
		{E2725253-BA5A-49D5-AF19-F4064144681D}.Release|Any CPU.ActiveCfg = Release|Any CPU
		{E2725253-BA5A-49D5-AF19-F4064144681D}.Release|Any CPU.Build.0 = Release|Any CPU
	EndGlobalSection
	GlobalSection(SolutionProperties) = preSolution
		HideSolutionNode = FALSE
	EndGlobalSection
	GlobalSection(ExtensibilityGlobals) = postSolution
		SolutionGuid = {C4391F4D-6DCE-420D-A117-82411F54DE9C}
	EndGlobalSection
EndGlobal
