
Microsoft Visual Studio Solution File, Format Version 12.00
# Visual Studio Version 16
VisualStudioVersion = 16.0.30804.86
MinimumVisualStudioVersion = 10.0.40219.1
Project("{FAE04EC0-301F-11D3-BF4B-00C04F79EFBC}") = "ExpressionTrees", "ExpressionTrees\ExpressionTrees.csproj", "{1A527AED-45E9-4CB5-B5F1-38C10B020822}"
EndProject
Project("{FAE04EC0-301F-11D3-BF4B-00C04F79EFBC}") = "UnitTests", "UnitTests\UnitTests.csproj", "{5225D418-8A88-49D2-A38C-30FE38ABA847}"
EndProject
Global
	GlobalSection(SolutionConfigurationPlatforms) = preSolution
		Debug|Any CPU = Debug|Any CPU
		Release|Any CPU = Release|Any CPU
	EndGlobalSection
	GlobalSection(ProjectConfigurationPlatforms) = postSolution
		{1A527AED-45E9-4CB5-B5F1-38C10B020822}.Debug|Any CPU.ActiveCfg = Debug|Any CPU
		{1A527AED-45E9-4CB5-B5F1-38C10B020822}.Debug|Any CPU.Build.0 = Debug|Any CPU
		{1A527AED-45E9-4CB5-B5F1-38C10B020822}.Release|Any CPU.ActiveCfg = Release|Any CPU
		{1A527AED-45E9-4CB5-B5F1-38C10B020822}.Release|Any CPU.Build.0 = Release|Any CPU
		{5225D418-8A88-49D2-A38C-30FE38ABA847}.Debug|Any CPU.ActiveCfg = Debug|Any CPU
		{5225D418-8A88-49D2-A38C-30FE38ABA847}.Debug|Any CPU.Build.0 = Debug|Any CPU
		{5225D418-8A88-49D2-A38C-30FE38ABA847}.Release|Any CPU.ActiveCfg = Release|Any CPU
		{5225D418-8A88-49D2-A38C-30FE38ABA847}.Release|Any CPU.Build.0 = Release|Any CPU
	EndGlobalSection
	GlobalSection(SolutionProperties) = preSolution
		HideSolutionNode = FALSE
	EndGlobalSection
	GlobalSection(ExtensibilityGlobals) = postSolution
		SolutionGuid = {09F46F6E-5FA0-4B01-BFB2-5677E147C357}
	EndGlobalSection
EndGlobal
