
Microsoft Visual Studio Solution File, Format Version 12.00
# Visual Studio Version 16
VisualStudioVersion = 16.0.30717.126
MinimumVisualStudioVersion = 10.0.40219.1
Project("{FAE04EC0-301F-11D3-BF4B-00C04F79EFBC}") = "Tests", "Tests\Tests.csproj", "{D2C74F9E-BD67-49B4-84AE-9593BC69EBE7}"
EndProject
Project("{FAE04EC0-301F-11D3-BF4B-00C04F79EFBC}") = "ThreadPoolLibrary", "ThreadPoolLibrary\ThreadPoolLibrary.csproj", "{B4E5C856-8CA9-49B5-95DB-698862A25E93}"
EndProject
Global
	GlobalSection(SolutionConfigurationPlatforms) = preSolution
		Debug|Any CPU = Debug|Any CPU
		Release|Any CPU = Release|Any CPU
	EndGlobalSection
	GlobalSection(ProjectConfigurationPlatforms) = postSolution
		{D2C74F9E-BD67-49B4-84AE-9593BC69EBE7}.Debug|Any CPU.ActiveCfg = Debug|Any CPU
		{D2C74F9E-BD67-49B4-84AE-9593BC69EBE7}.Debug|Any CPU.Build.0 = Debug|Any CPU
		{D2C74F9E-BD67-49B4-84AE-9593BC69EBE7}.Release|Any CPU.ActiveCfg = Release|Any CPU
		{D2C74F9E-BD67-49B4-84AE-9593BC69EBE7}.Release|Any CPU.Build.0 = Release|Any CPU
		{B4E5C856-8CA9-49B5-95DB-698862A25E93}.Debug|Any CPU.ActiveCfg = Debug|Any CPU
		{B4E5C856-8CA9-49B5-95DB-698862A25E93}.Debug|Any CPU.Build.0 = Debug|Any CPU
		{B4E5C856-8CA9-49B5-95DB-698862A25E93}.Release|Any CPU.ActiveCfg = Release|Any CPU
		{B4E5C856-8CA9-49B5-95DB-698862A25E93}.Release|Any CPU.Build.0 = Release|Any CPU
	EndGlobalSection
	GlobalSection(SolutionProperties) = preSolution
		HideSolutionNode = FALSE
	EndGlobalSection
	GlobalSection(ExtensibilityGlobals) = postSolution
		SolutionGuid = {9991E3B1-8B36-4EA6-9611-3796DB88872C}
	EndGlobalSection
EndGlobal
