
Microsoft Visual Studio Solution File, Format Version 12.00
# Visual Studio Version 16
VisualStudioVersion = 16.0.30804.86
MinimumVisualStudioVersion = 10.0.40219.1
Project("{FAE04EC0-301F-11D3-BF4B-00C04F79EFBC}") = "Threadpool", "Threadpool\Threadpool.csproj", "{E4B6DC6E-EA17-4E05-82A8-61DBB8C36671}"
EndProject
Project("{FAE04EC0-301F-11D3-BF4B-00C04F79EFBC}") = "UnitTests", "UnitTests\UnitTests.csproj", "{5FBAC37D-1A29-4009-BF42-BB2910356835}"
EndProject
Global
	GlobalSection(SolutionConfigurationPlatforms) = preSolution
		Debug|Any CPU = Debug|Any CPU
		Release|Any CPU = Release|Any CPU
	EndGlobalSection
	GlobalSection(ProjectConfigurationPlatforms) = postSolution
		{E4B6DC6E-EA17-4E05-82A8-61DBB8C36671}.Debug|Any CPU.ActiveCfg = Debug|Any CPU
		{E4B6DC6E-EA17-4E05-82A8-61DBB8C36671}.Debug|Any CPU.Build.0 = Debug|Any CPU
		{E4B6DC6E-EA17-4E05-82A8-61DBB8C36671}.Release|Any CPU.ActiveCfg = Release|Any CPU
		{E4B6DC6E-EA17-4E05-82A8-61DBB8C36671}.Release|Any CPU.Build.0 = Release|Any CPU
		{5FBAC37D-1A29-4009-BF42-BB2910356835}.Debug|Any CPU.ActiveCfg = Debug|Any CPU
		{5FBAC37D-1A29-4009-BF42-BB2910356835}.Debug|Any CPU.Build.0 = Debug|Any CPU
		{5FBAC37D-1A29-4009-BF42-BB2910356835}.Release|Any CPU.ActiveCfg = Release|Any CPU
		{5FBAC37D-1A29-4009-BF42-BB2910356835}.Release|Any CPU.Build.0 = Release|Any CPU
	EndGlobalSection
	GlobalSection(SolutionProperties) = preSolution
		HideSolutionNode = FALSE
	EndGlobalSection
	GlobalSection(ExtensibilityGlobals) = postSolution
		SolutionGuid = {9F24BD70-23E8-41A3-AB46-F6C62D9B932A}
	EndGlobalSection
EndGlobal
