
Microsoft Visual Studio Solution File, Format Version 12.00
# Visual Studio Version 16
VisualStudioVersion = 16.0.30717.126
MinimumVisualStudioVersion = 10.0.40219.1
Project("{FAE04EC0-301F-11D3-BF4B-00C04F79EFBC}") = "App", "App\App.csproj", "{42C7ED7E-E156-48E6-A8FA-8E96AA4D2466}"
EndProject
Project("{FAE04EC0-301F-11D3-BF4B-00C04F79EFBC}") = "ICalculatorLibrary", "ICalculatorLibrary\ICalculatorLibrary.csproj", "{26E79A8F-2668-4E1C-8220-F8747570524A}"
EndProject
Project("{FAE04EC0-301F-11D3-BF4B-00C04F79EFBC}") = "CalculatorLibrary", "CalculatorLibrary\CalculatorLibrary.csproj", "{330B7EF7-DEBC-458E-B569-37437F741030}"
EndProject
Project("{FAE04EC0-301F-11D3-BF4B-00C04F79EFBC}") = "Tests", "Tests\Tests.csproj", "{6766F42F-BC5B-41C0-9599-8853A94EC5C5}"
EndProject
Global
	GlobalSection(SolutionConfigurationPlatforms) = preSolution
		Debug|Any CPU = Debug|Any CPU
		Release|Any CPU = Release|Any CPU
	EndGlobalSection
	GlobalSection(ProjectConfigurationPlatforms) = postSolution
		{42C7ED7E-E156-48E6-A8FA-8E96AA4D2466}.Debug|Any CPU.ActiveCfg = Debug|Any CPU
		{42C7ED7E-E156-48E6-A8FA-8E96AA4D2466}.Debug|Any CPU.Build.0 = Debug|Any CPU
		{42C7ED7E-E156-48E6-A8FA-8E96AA4D2466}.Release|Any CPU.ActiveCfg = Release|Any CPU
		{42C7ED7E-E156-48E6-A8FA-8E96AA4D2466}.Release|Any CPU.Build.0 = Release|Any CPU
		{26E79A8F-2668-4E1C-8220-F8747570524A}.Debug|Any CPU.ActiveCfg = Debug|Any CPU
		{26E79A8F-2668-4E1C-8220-F8747570524A}.Debug|Any CPU.Build.0 = Debug|Any CPU
		{26E79A8F-2668-4E1C-8220-F8747570524A}.Release|Any CPU.ActiveCfg = Release|Any CPU
		{26E79A8F-2668-4E1C-8220-F8747570524A}.Release|Any CPU.Build.0 = Release|Any CPU
		{330B7EF7-DEBC-458E-B569-37437F741030}.Debug|Any CPU.ActiveCfg = Debug|Any CPU
		{330B7EF7-DEBC-458E-B569-37437F741030}.Debug|Any CPU.Build.0 = Debug|Any CPU
		{330B7EF7-DEBC-458E-B569-37437F741030}.Release|Any CPU.ActiveCfg = Release|Any CPU
		{330B7EF7-DEBC-458E-B569-37437F741030}.Release|Any CPU.Build.0 = Release|Any CPU
		{6766F42F-BC5B-41C0-9599-8853A94EC5C5}.Debug|Any CPU.ActiveCfg = Debug|Any CPU
		{6766F42F-BC5B-41C0-9599-8853A94EC5C5}.Debug|Any CPU.Build.0 = Debug|Any CPU
		{6766F42F-BC5B-41C0-9599-8853A94EC5C5}.Release|Any CPU.ActiveCfg = Release|Any CPU
		{6766F42F-BC5B-41C0-9599-8853A94EC5C5}.Release|Any CPU.Build.0 = Release|Any CPU
	EndGlobalSection
	GlobalSection(SolutionProperties) = preSolution
		HideSolutionNode = FALSE
	EndGlobalSection
	GlobalSection(ExtensibilityGlobals) = postSolution
		SolutionGuid = {2595CCA7-3422-401D-9491-6B75CF0E78C1}
	EndGlobalSection
EndGlobal
