
Microsoft Visual Studio Solution File, Format Version 12.00
# Visual Studio Version 16
VisualStudioVersion = 16.0.30717.126
MinimumVisualStudioVersion = 10.0.40219.1
Project("{FAE04EC0-301F-11D3-BF4B-00C04F79EFBC}") = "Application", "Application\Application.csproj", "{BD892970-0B42-44EE-B6B5-9899D606C0AD}"
EndProject
Project("{FAE04EC0-301F-11D3-BF4B-00C04F79EFBC}") = "ICalculatorLib", "ICalculatorLib\ICalculatorLib.csproj", "{6068B5F5-F18B-4CFA-B531-6EF97818B240}"
EndProject
Project("{FAE04EC0-301F-11D3-BF4B-00C04F79EFBC}") = "CalculatorLib", "CalculatorLib\CalculatorLib.csproj", "{D4CFE068-0E33-4FD7-BF46-ECF3ECB18CF1}"
EndProject
Global
	GlobalSection(SolutionConfigurationPlatforms) = preSolution
		Debug|Any CPU = Debug|Any CPU
		Release|Any CPU = Release|Any CPU
	EndGlobalSection
	GlobalSection(ProjectConfigurationPlatforms) = postSolution
		{BD892970-0B42-44EE-B6B5-9899D606C0AD}.Debug|Any CPU.ActiveCfg = Debug|Any CPU
		{BD892970-0B42-44EE-B6B5-9899D606C0AD}.Debug|Any CPU.Build.0 = Debug|Any CPU
		{BD892970-0B42-44EE-B6B5-9899D606C0AD}.Release|Any CPU.ActiveCfg = Release|Any CPU
		{BD892970-0B42-44EE-B6B5-9899D606C0AD}.Release|Any CPU.Build.0 = Release|Any CPU
		{6068B5F5-F18B-4CFA-B531-6EF97818B240}.Debug|Any CPU.ActiveCfg = Debug|Any CPU
		{6068B5F5-F18B-4CFA-B531-6EF97818B240}.Debug|Any CPU.Build.0 = Debug|Any CPU
		{6068B5F5-F18B-4CFA-B531-6EF97818B240}.Release|Any CPU.ActiveCfg = Release|Any CPU
		{6068B5F5-F18B-4CFA-B531-6EF97818B240}.Release|Any CPU.Build.0 = Release|Any CPU
		{D4CFE068-0E33-4FD7-BF46-ECF3ECB18CF1}.Debug|Any CPU.ActiveCfg = Debug|Any CPU
		{D4CFE068-0E33-4FD7-BF46-ECF3ECB18CF1}.Debug|Any CPU.Build.0 = Debug|Any CPU
		{D4CFE068-0E33-4FD7-BF46-ECF3ECB18CF1}.Release|Any CPU.ActiveCfg = Release|Any CPU
		{D4CFE068-0E33-4FD7-BF46-ECF3ECB18CF1}.Release|Any CPU.Build.0 = Release|Any CPU
	EndGlobalSection
	GlobalSection(SolutionProperties) = preSolution
		HideSolutionNode = FALSE
	EndGlobalSection
	GlobalSection(ExtensibilityGlobals) = postSolution
		SolutionGuid = {2595CCA7-3422-401D-9491-6B75CF0E78C1}
	EndGlobalSection
EndGlobal
